
Microsoft Visual Studio Solution File, Format Version 11.00
# Visual Studio 2010
Project("{FAE04EC0-301F-11D3-BF4B-00C04F79EFBC}") = "Assembly-CSharp", "Assembly-CSharp.csproj", "{ed55e1e5-1ba4-f096-661c-1cc563da1708}"
EndProject
Project("{FAE04EC0-301F-11D3-BF4B-00C04F79EFBC}") = "Assembly-CSharp-firstpass", "Assembly-CSharp-firstpass.csproj", "{5f0b2002-5995-aa28-3c59-ba4839f02549}"
EndProject
Global
	GlobalSection(SolutionConfigurationPlatforms) = preSolution
		Debug|Any CPU = Debug|Any CPU
	EndGlobalSection
	GlobalSection(ProjectConfigurationPlatforms) = postSolution
		{ed55e1e5-1ba4-f096-661c-1cc563da1708}.Debug|Any CPU.ActiveCfg = Debug|Any CPU
		{ed55e1e5-1ba4-f096-661c-1cc563da1708}.Debug|Any CPU.Build.0 = Debug|Any CPU
		{5f0b2002-5995-aa28-3c59-ba4839f02549}.Debug|Any CPU.ActiveCfg = Debug|Any CPU
		{5f0b2002-5995-aa28-3c59-ba4839f02549}.Debug|Any CPU.Build.0 = Debug|Any CPU
	EndGlobalSection
	GlobalSection(SolutionProperties) = preSolution
		HideSolutionNode = FALSE
	EndGlobalSection
EndGlobal
